// !$*UTF8*$!
{
	archiveVersion = 1;
	classes = {
	};
	objectVersion = 50;
	objects = {

/* Begin PBXBuildFile section */
		405F39D924DEEB0A00C9E984 /* AppDelegate.swift in Sources */ = {isa = PBXBuildFile; fileRef = 405F39D824DEEB0A00C9E984 /* AppDelegate.swift */; };
		405F39DB24DEEB0A00C9E984 /* SceneDelegate.swift in Sources */ = {isa = PBXBuildFile; fileRef = 405F39DA24DEEB0A00C9E984 /* SceneDelegate.swift */; };
		405F39DD24DEEB0A00C9E984 /* ViewController.swift in Sources */ = {isa = PBXBuildFile; fileRef = 405F39DC24DEEB0A00C9E984 /* ViewController.swift */; };
		405F39E024DEEB0A00C9E984 /* Main.storyboard in Resources */ = {isa = PBXBuildFile; fileRef = 405F39DE24DEEB0A00C9E984 /* Main.storyboard */; };
		405F39E224DEEB0B00C9E984 /* Assets.xcassets in Resources */ = {isa = PBXBuildFile; fileRef = 405F39E124DEEB0B00C9E984 /* Assets.xcassets */; };
		405F39E524DEEB0B00C9E984 /* LaunchScreen.storyboard in Resources */ = {isa = PBXBuildFile; fileRef = 405F39E324DEEB0B00C9E984 /* LaunchScreen.storyboard */; };
		405F39F024DEEB0B00C9E984 /* PokemonsTests.swift in Sources */ = {isa = PBXBuildFile; fileRef = 405F39EF24DEEB0B00C9E984 /* PokemonsTests.swift */; };
/* End PBXBuildFile section */

/* Begin PBXContainerItemProxy section */
		405F39EC24DEEB0B00C9E984 /* PBXContainerItemProxy */ = {
			isa = PBXContainerItemProxy;
			containerPortal = 405F39CD24DEEB0A00C9E984 /* Project object */;
			proxyType = 1;
			remoteGlobalIDString = 405F39D424DEEB0A00C9E984;
			remoteInfo = Pokemons;
		};
/* End PBXContainerItemProxy section */

/* Begin PBXFileReference section */
		405F39D524DEEB0A00C9E984 /* Pokemons.app */ = {isa = PBXFileReference; explicitFileType = wrapper.application; includeInIndex = 0; path = Pokemons.app; sourceTree = BUILT_PRODUCTS_DIR; };
		405F39D824DEEB0A00C9E984 /* AppDelegate.swift */ = {isa = PBXFileReference; lastKnownFileType = sourcecode.swift; path = AppDelegate.swift; sourceTree = "<group>"; };
		405F39DA24DEEB0A00C9E984 /* SceneDelegate.swift */ = {isa = PBXFileReference; lastKnownFileType = sourcecode.swift; path = SceneDelegate.swift; sourceTree = "<group>"; };
		405F39DC24DEEB0A00C9E984 /* ViewController.swift */ = {isa = PBXFileReference; lastKnownFileType = sourcecode.swift; path = ViewController.swift; sourceTree = "<group>"; };
		405F39DF24DEEB0A00C9E984 /* Base */ = {isa = PBXFileReference; lastKnownFileType = file.storyboard; name = Base; path = Base.lproj/Main.storyboard; sourceTree = "<group>"; };
		405F39E124DEEB0B00C9E984 /* Assets.xcassets */ = {isa = PBXFileReference; lastKnownFileType = folder.assetcatalog; path = Assets.xcassets; sourceTree = "<group>"; };
		405F39E424DEEB0B00C9E984 /* Base */ = {isa = PBXFileReference; lastKnownFileType = file.storyboard; name = Base; path = Base.lproj/LaunchScreen.storyboard; sourceTree = "<group>"; };
		405F39E624DEEB0B00C9E984 /* Info.plist */ = {isa = PBXFileReference; lastKnownFileType = text.plist.xml; path = Info.plist; sourceTree = "<group>"; };
		405F39EB24DEEB0B00C9E984 /* PokemonsTests.xctest */ = {isa = PBXFileReference; explicitFileType = wrapper.cfbundle; includeInIndex = 0; path = PokemonsTests.xctest; sourceTree = BUILT_PRODUCTS_DIR; };
		405F39EF24DEEB0B00C9E984 /* PokemonsTests.swift */ = {isa = PBXFileReference; lastKnownFileType = sourcecode.swift; path = PokemonsTests.swift; sourceTree = "<group>"; };
		405F39F124DEEB0B00C9E984 /* Info.plist */ = {isa = PBXFileReference; lastKnownFileType = text.plist.xml; path = Info.plist; sourceTree = "<group>"; };
/* End PBXFileReference section */

/* Begin PBXFrameworksBuildPhase section */
		405F39D224DEEB0A00C9E984 /* Frameworks */ = {
			isa = PBXFrameworksBuildPhase;
			buildActionMask = 2147483647;
			files = (
			);
			runOnlyForDeploymentPostprocessing = 0;
		};
		405F39E824DEEB0B00C9E984 /* Frameworks */ = {
			isa = PBXFrameworksBuildPhase;
			buildActionMask = 2147483647;
			files = (
			);
			runOnlyForDeploymentPostprocessing = 0;
		};
/* End PBXFrameworksBuildPhase section */

/* Begin PBXGroup section */
		405F39CC24DEEB0A00C9E984 = {
			isa = PBXGroup;
			children = (
				405F39D724DEEB0A00C9E984 /* Pokemons */,
				405F39EE24DEEB0B00C9E984 /* PokemonsTests */,
				405F39D624DEEB0A00C9E984 /* Products */,
			);
			sourceTree = "<group>";
		};
		405F39D624DEEB0A00C9E984 /* Products */ = {
			isa = PBXGroup;
			children = (
				405F39D524DEEB0A00C9E984 /* Pokemons.app */,
				405F39EB24DEEB0B00C9E984 /* PokemonsTests.xctest */,
			);
			name = Products;
			sourceTree = "<group>";
		};
		405F39D724DEEB0A00C9E984 /* Pokemons */ = {
			isa = PBXGroup;
			children = (
				405F39D824DEEB0A00C9E984 /* AppDelegate.swift */,
				405F39DA24DEEB0A00C9E984 /* SceneDelegate.swift */,
				405F39DC24DEEB0A00C9E984 /* ViewController.swift */,
				405F39DE24DEEB0A00C9E984 /* Main.storyboard */,
				405F39E124DEEB0B00C9E984 /* Assets.xcassets */,
				405F39E324DEEB0B00C9E984 /* LaunchScreen.storyboard */,
				405F39E624DEEB0B00C9E984 /* Info.plist */,
			);
			path = Pokemons;
			sourceTree = "<group>";
		};
		405F39EE24DEEB0B00C9E984 /* PokemonsTests */ = {
			isa = PBXGroup;
			children = (
				405F39EF24DEEB0B00C9E984 /* PokemonsTests.swift */,
				405F39F124DEEB0B00C9E984 /* Info.plist */,
			);
			path = PokemonsTests;
			sourceTree = "<group>";
		};
/* End PBXGroup section */

/* Begin PBXNativeTarget section */
		405F39D424DEEB0A00C9E984 /* Pokemons */ = {
			isa = PBXNativeTarget;
			buildConfigurationList = 405F39F424DEEB0B00C9E984 /* Build configuration list for PBXNativeTarget "Pokemons" */;
			buildPhases = (
				405F39D124DEEB0A00C9E984 /* Sources */,
				405F39D224DEEB0A00C9E984 /* Frameworks */,
				405F39D324DEEB0A00C9E984 /* Resources */,
			);
			buildRules = (
			);
			dependencies = (
			);
			name = Pokemons;
			productName = Pokemons;
			productReference = 405F39D524DEEB0A00C9E984 /* Pokemons.app */;
			productType = "com.apple.product-type.application";
		};
		405F39EA24DEEB0B00C9E984 /* PokemonsTests */ = {
			isa = PBXNativeTarget;
			buildConfigurationList = 405F39F724DEEB0B00C9E984 /* Build configuration list for PBXNativeTarget "PokemonsTests" */;
			buildPhases = (
				405F39E724DEEB0B00C9E984 /* Sources */,
				405F39E824DEEB0B00C9E984 /* Frameworks */,
				405F39E924DEEB0B00C9E984 /* Resources */,
			);
			buildRules = (
			);
			dependencies = (
				405F39ED24DEEB0B00C9E984 /* PBXTargetDependency */,
			);
			name = PokemonsTests;
			productName = PokemonsTests;
			productReference = 405F39EB24DEEB0B00C9E984 /* PokemonsTests.xctest */;
			productType = "com.apple.product-type.bundle.unit-test";
		};
/* End PBXNativeTarget section */

/* Begin PBXProject section */
		405F39CD24DEEB0A00C9E984 /* Project object */ = {
			isa = PBXProject;
			attributes = {
				LastSwiftUpdateCheck = 1150;
				LastUpgradeCheck = 1150;
				ORGANIZATIONNAME = "Georgiy Farafonov";
				TargetAttributes = {
					405F39D424DEEB0A00C9E984 = {
						CreatedOnToolsVersion = 11.5;
					};
					405F39EA24DEEB0B00C9E984 = {
						CreatedOnToolsVersion = 11.5;
						TestTargetID = 405F39D424DEEB0A00C9E984;
					};
				};
			};
			buildConfigurationList = 405F39D024DEEB0A00C9E984 /* Build configuration list for PBXProject "Pokemons" */;
			compatibilityVersion = "Xcode 9.3";
			developmentRegion = en;
			hasScannedForEncodings = 0;
			knownRegions = (
				en,
				Base,
			);
			mainGroup = 405F39CC24DEEB0A00C9E984;
			productRefGroup = 405F39D624DEEB0A00C9E984 /* Products */;
			projectDirPath = "";
			projectRoot = "";
			targets = (
				405F39D424DEEB0A00C9E984 /* Pokemons */,
				405F39EA24DEEB0B00C9E984 /* PokemonsTests */,
			);
		};
/* End PBXProject section */

/* Begin PBXResourcesBuildPhase section */
		405F39D324DEEB0A00C9E984 /* Resources */ = {
			isa = PBXResourcesBuildPhase;
			buildActionMask = 2147483647;
			files = (
				405F39E524DEEB0B00C9E984 /* LaunchScreen.storyboard in Resources */,
				405F39E224DEEB0B00C9E984 /* Assets.xcassets in Resources */,
				405F39E024DEEB0A00C9E984 /* Main.storyboard in Resources */,
			);
			runOnlyForDeploymentPostprocessing = 0;
		};
		405F39E924DEEB0B00C9E984 /* Resources */ = {
			isa = PBXResourcesBuildPhase;
			buildActionMask = 2147483647;
			files = (
			);
			runOnlyForDeploymentPostprocessing = 0;
		};
/* End PBXResourcesBuildPhase section */

/* Begin PBXSourcesBuildPhase section */
		405F39D124DEEB0A00C9E984 /* Sources */ = {
			isa = PBXSourcesBuildPhase;
			buildActionMask = 2147483647;
			files = (
				405F39DD24DEEB0A00C9E984 /* ViewController.swift in Sources */,
				405F39D924DEEB0A00C9E984 /* AppDelegate.swift in Sources */,
				405F39DB24DEEB0A00C9E984 /* SceneDelegate.swift in Sources */,
			);
			runOnlyForDeploymentPostprocessing = 0;
		};
		405F39E724DEEB0B00C9E984 /* Sources */ = {
			isa = PBXSourcesBuildPhase;
			buildActionMask = 2147483647;
			files = (
				405F39F024DEEB0B00C9E984 /* PokemonsTests.swift in Sources */,
			);
			runOnlyForDeploymentPostprocessing = 0;
		};
/* End PBXSourcesBuildPhase section */

/* Begin PBXTargetDependency section */
		405F39ED24DEEB0B00C9E984 /* PBXTargetDependency */ = {
			isa = PBXTargetDependency;
			target = 405F39D424DEEB0A00C9E984 /* Pokemons */;
			targetProxy = 405F39EC24DEEB0B00C9E984 /* PBXContainerItemProxy */;
		};
/* End PBXTargetDependency section */

/* Begin PBXVariantGroup section */
		405F39DE24DEEB0A00C9E984 /* Main.storyboard */ = {
			isa = PBXVariantGroup;
			children = (
				405F39DF24DEEB0A00C9E984 /* Base */,
			);
			name = Main.storyboard;
			sourceTree = "<group>";
		};
		405F39E324DEEB0B00C9E984 /* LaunchScreen.storyboard */ = {
			isa = PBXVariantGroup;
			children = (
				405F39E424DEEB0B00C9E984 /* Base */,
			);
			name = LaunchScreen.storyboard;
			sourceTree = "<group>";
		};
/* End PBXVariantGroup section */

/* Begin XCBuildConfiguration section */
		405F39F224DEEB0B00C9E984 /* Debug */ = {
			isa = XCBuildConfiguration;
			buildSettings = {
				ALWAYS_SEARCH_USER_PATHS = NO;
				CLANG_ANALYZER_NONNULL = YES;
				CLANG_ANALYZER_NUMBER_OBJECT_CONVERSION = YES_AGGRESSIVE;
				CLANG_CXX_LANGUAGE_STANDARD = "gnu++14";
				CLANG_CXX_LIBRARY = "libc++";
				CLANG_ENABLE_MODULES = YES;
				CLANG_ENABLE_OBJC_ARC = YES;
				CLANG_ENABLE_OBJC_WEAK = YES;
				CLANG_WARN_BLOCK_CAPTURE_AUTORELEASING = YES;
				CLANG_WARN_BOOL_CONVERSION = YES;
				CLANG_WARN_COMMA = YES;
				CLANG_WARN_CONSTANT_CONVERSION = YES;
				CLANG_WARN_DEPRECATED_OBJC_IMPLEMENTATIONS = YES;
				CLANG_WARN_DIRECT_OBJC_ISA_USAGE = YES_ERROR;
				CLANG_WARN_DOCUMENTATION_COMMENTS = YES;
				CLANG_WARN_EMPTY_BODY = YES;
				CLANG_WARN_ENUM_CONVERSION = YES;
				CLANG_WARN_INFINITE_RECURSION = YES;
				CLANG_WARN_INT_CONVERSION = YES;
				CLANG_WARN_NON_LITERAL_NULL_CONVERSION = YES;
				CLANG_WARN_OBJC_IMPLICIT_RETAIN_SELF = YES;
				CLANG_WARN_OBJC_LITERAL_CONVERSION = YES;
				CLANG_WARN_OBJC_ROOT_CLASS = YES_ERROR;
				CLANG_WARN_RANGE_LOOP_ANALYSIS = YES;
				CLANG_WARN_STRICT_PROTOTYPES = YES;
				CLANG_WARN_SUSPICIOUS_MOVE = YES;
				CLANG_WARN_UNGUARDED_AVAILABILITY = YES_AGGRESSIVE;
				CLANG_WARN_UNREACHABLE_CODE = YES;
				CLANG_WARN__DUPLICATE_METHOD_MATCH = YES;
				COPY_PHASE_STRIP = NO;
				DEBUG_INFORMATION_FORMAT = dwarf;
				ENABLE_STRICT_OBJC_MSGSEND = YES;
				ENABLE_TESTABILITY = YES;
				GCC_C_LANGUAGE_STANDARD = gnu11;
				GCC_DYNAMIC_NO_PIC = NO;
				GCC_NO_COMMON_BLOCKS = YES;
				GCC_OPTIMIZATION_LEVEL = 0;
				GCC_PREPROCESSOR_DEFINITIONS = (
					"DEBUG=1",
					"$(inherited)",
				);
				GCC_WARN_64_TO_32_BIT_CONVERSION = YES;
				GCC_WARN_ABOUT_RETURN_TYPE = YES_ERROR;
				GCC_WARN_UNDECLARED_SELECTOR = YES;
				GCC_WARN_UNINITIALIZED_AUTOS = YES_AGGRESSIVE;
				GCC_WARN_UNUSED_FUNCTION = YES;
				GCC_WARN_UNUSED_VARIABLE = YES;
				IPHONEOS_DEPLOYMENT_TARGET = 13.5;
				MTL_ENABLE_DEBUG_INFO = INCLUDE_SOURCE;
				MTL_FAST_MATH = YES;
				ONLY_ACTIVE_ARCH = YES;
				SDKROOT = iphoneos;
				SWIFT_ACTIVE_COMPILATION_CONDITIONS = DEBUG;
				SWIFT_OPTIMIZATION_LEVEL = "-Onone";
			};
			name = Debug;
		};
		405F39F324DEEB0B00C9E984 /* Release */ = {
			isa = XCBuildConfiguration;
			buildSettings = {
				ALWAYS_SEARCH_USER_PATHS = NO;
				CLANG_ANALYZER_NONNULL = YES;
				CLANG_ANALYZER_NUMBER_OBJECT_CONVERSION = YES_AGGRESSIVE;
				CLANG_CXX_LANGUAGE_STANDARD = "gnu++14";
				CLANG_CXX_LIBRARY = "libc++";
				CLANG_ENABLE_MODULES = YES;
				CLANG_ENABLE_OBJC_ARC = YES;
				CLANG_ENABLE_OBJC_WEAK = YES;
				CLANG_WARN_BLOCK_CAPTURE_AUTORELEASING = YES;
				CLANG_WARN_BOOL_CONVERSION = YES;
				CLANG_WARN_COMMA = YES;
				CLANG_WARN_CONSTANT_CONVERSION = YES;
				CLANG_WARN_DEPRECATED_OBJC_IMPLEMENTATIONS = YES;
				CLANG_WARN_DIRECT_OBJC_ISA_USAGE = YES_ERROR;
				CLANG_WARN_DOCUMENTATION_COMMENTS = YES;
				CLANG_WARN_EMPTY_BODY = YES;
				CLANG_WARN_ENUM_CONVERSION = YES;
				CLANG_WARN_INFINITE_RECURSION = YES;
				CLANG_WARN_INT_CONVERSION = YES;
				CLANG_WARN_NON_LITERAL_NULL_CONVERSION = YES;
				CLANG_WARN_OBJC_IMPLICIT_RETAIN_SELF = YES;
				CLANG_WARN_OBJC_LITERAL_CONVERSION = YES;
				CLANG_WARN_OBJC_ROOT_CLASS = YES_ERROR;
				CLANG_WARN_RANGE_LOOP_ANALYSIS = YES;
				CLANG_WARN_STRICT_PROTOTYPES = YES;
				CLANG_WARN_SUSPICIOUS_MOVE = YES;
				CLANG_WARN_UNGUARDED_AVAILABILITY = YES_AGGRESSIVE;
				CLANG_WARN_UNREACHABLE_CODE = YES;
				CLANG_WARN__DUPLICATE_METHOD_MATCH = YES;
				COPY_PHASE_STRIP = NO;
				DEBUG_INFORMATION_FORMAT = "dwarf-with-dsym";
				ENABLE_NS_ASSERTIONS = NO;
				ENABLE_STRICT_OBJC_MSGSEND = YES;
				GCC_C_LANGUAGE_STANDARD = gnu11;
				GCC_NO_COMMON_BLOCKS = YES;
				GCC_WARN_64_TO_32_BIT_CONVERSION = YES;
				GCC_WARN_ABOUT_RETURN_TYPE = YES_ERROR;
				GCC_WARN_UNDECLARED_SELECTOR = YES;
				GCC_WARN_UNINITIALIZED_AUTOS = YES_AGGRESSIVE;
				GCC_WARN_UNUSED_FUNCTION = YES;
				GCC_WARN_UNUSED_VARIABLE = YES;
				IPHONEOS_DEPLOYMENT_TARGET = 13.5;
				MTL_ENABLE_DEBUG_INFO = NO;
				MTL_FAST_MATH = YES;
				SDKROOT = iphoneos;
				SWIFT_COMPILATION_MODE = wholemodule;
				SWIFT_OPTIMIZATION_LEVEL = "-O";
				VALIDATE_PRODUCT = YES;
			};
			name = Release;
		};
		405F39F524DEEB0B00C9E984 /* Debug */ = {
			isa = XCBuildConfiguration;
			buildSettings = {
				ASSETCATALOG_COMPILER_APPICON_NAME = AppIcon;
				CODE_SIGN_STYLE = Automatic;
				INFOPLIST_FILE = Pokemons/Info.plist;
				LD_RUNPATH_SEARCH_PATHS = (
					"$(inherited)",
					"@executable_path/Frameworks",
				);
				PRODUCT_BUNDLE_IDENTIFIER = gf.Pokemons;
				PRODUCT_NAME = "$(TARGET_NAME)";
				SWIFT_VERSION = 5.0;
				TARGETED_DEVICE_FAMILY = "1,2";
			};
			name = Debug;
		};
		405F39F624DEEB0B00C9E984 /* Release */ = {
			isa = XCBuildConfiguration;
			buildSettings = {
				ASSETCATALOG_COMPILER_APPICON_NAME = AppIcon;
				CODE_SIGN_STYLE = Automatic;
				INFOPLIST_FILE = Pokemons/Info.plist;
				LD_RUNPATH_SEARCH_PATHS = (
					"$(inherited)",
					"@executable_path/Frameworks",
				);
				PRODUCT_BUNDLE_IDENTIFIER = gf.Pokemons;
				PRODUCT_NAME = "$(TARGET_NAME)";
				SWIFT_VERSION = 5.0;
				TARGETED_DEVICE_FAMILY = "1,2";
			};
			name = Release;
		};
		405F39F824DEEB0B00C9E984 /* Debug */ = {
			isa = XCBuildConfiguration;
			buildSettings = {
				ALWAYS_EMBED_SWIFT_STANDARD_LIBRARIES = YES;
				BUNDLE_LOADER = "$(TEST_HOST)";
				CODE_SIGN_STYLE = Automatic;
				INFOPLIST_FILE = PokemonsTests/Info.plist;
				IPHONEOS_DEPLOYMENT_TARGET = 13.5;
				LD_RUNPATH_SEARCH_PATHS = (
					"$(inherited)",
					"@executable_path/Frameworks",
					"@loader_path/Frameworks",
				);
				PRODUCT_BUNDLE_IDENTIFIER = gf.PokemonsTests;
				PRODUCT_NAME = "$(TARGET_NAME)";
				SWIFT_VERSION = 5.0;
				TARGETED_DEVICE_FAMILY = "1,2";
				TEST_HOST = "$(BUILT_PRODUCTS_DIR)/Pokemons.app/Pokemons";
			};
			name = Debug;
		};
		405F39F924DEEB0B00C9E984 /* Release */ = {
			isa = XCBuildConfiguration;
			buildSettings = {
				ALWAYS_EMBED_SWIFT_STANDARD_LIBRARIES = YES;
				BUNDLE_LOADER = "$(TEST_HOST)";
				CODE_SIGN_STYLE = Automatic;
				INFOPLIST_FILE = PokemonsTests/Info.plist;
				IPHONEOS_DEPLOYMENT_TARGET = 13.5;
				LD_RUNPATH_SEARCH_PATHS = (
					"$(inherited)",
					"@executable_path/Frameworks",
					"@loader_path/Frameworks",
				);
				PRODUCT_BUNDLE_IDENTIFIER = gf.PokemonsTests;
				PRODUCT_NAME = "$(TARGET_NAME)";
				SWIFT_VERSION = 5.0;
				TARGETED_DEVICE_FAMILY = "1,2";
				TEST_HOST = "$(BUILT_PRODUCTS_DIR)/Pokemons.app/Pokemons";
			};
			name = Release;
		};
/* End XCBuildConfiguration section */

/* Begin XCConfigurationList section */
		405F39D024DEEB0A00C9E984 /* Build configuration list for PBXProject "Pokemons" */ = {
			isa = XCConfigurationList;
			buildConfigurations = (
				405F39F224DEEB0B00C9E984 /* Debug */,
				405F39F324DEEB0B00C9E984 /* Release */,
			);
			defaultConfigurationIsVisible = 0;
			defaultConfigurationName = Release;
		};
		405F39F424DEEB0B00C9E984 /* Build configuration list for PBXNativeTarget "Pokemons" */ = {
			isa = XCConfigurationList;
			buildConfigurations = (
				405F39F524DEEB0B00C9E984 /* Debug */,
				405F39F624DEEB0B00C9E984 /* Release */,
			);
			defaultConfigurationIsVisible = 0;
			defaultConfigurationName = Release;
		};
		405F39F724DEEB0B00C9E984 /* Build configuration list for PBXNativeTarget "PokemonsTests" */ = {
			isa = XCConfigurationList;
			buildConfigurations = (
				405F39F824DEEB0B00C9E984 /* Debug */,
				405F39F924DEEB0B00C9E984 /* Release */,
			);
			defaultConfigurationIsVisible = 0;
			defaultConfigurationName = Release;
		};
/* End XCConfigurationList section */
	};
	rootObject = 405F39CD24DEEB0A00C9E984 /* Project object */;
}
