// !$*UTF8*$!
{
	archiveVersion = 1;
	classes = {
	};
	objectVersion = 51;
	objects = {

/* Begin PBXBuildFile section */
		4000BE2E24EE612F007075A2 /* Storage.swift in Sources */ = {isa = PBXBuildFile; fileRef = 4000BE2D24EE612F007075A2 /* Storage.swift */; };
		4000BE2F24EE612F007075A2 /* Storage.swift in Sources */ = {isa = PBXBuildFile; fileRef = 4000BE2D24EE612F007075A2 /* Storage.swift */; };
		4000BE3124EE6304007075A2 /* PokemonStorage.swift in Sources */ = {isa = PBXBuildFile; fileRef = 4000BE3024EE6304007075A2 /* PokemonStorage.swift */; };
		4000BE3224EE6304007075A2 /* PokemonStorage.swift in Sources */ = {isa = PBXBuildFile; fileRef = 4000BE3024EE6304007075A2 /* PokemonStorage.swift */; };
		40071EE124EE5291003CF81F /* PokemonsListViewModel.swift in Sources */ = {isa = PBXBuildFile; fileRef = 40071EE024EE5291003CF81F /* PokemonsListViewModel.swift */; };
		40071EE324EE52AA003CF81F /* PokemonDetailedViewModel.swift in Sources */ = {isa = PBXBuildFile; fileRef = 40071EE224EE52AA003CF81F /* PokemonDetailedViewModel.swift */; };
		40071EE524EE5A3A003CF81F /* PokemonCell.swift in Sources */ = {isa = PBXBuildFile; fileRef = 40071EE424EE5A3A003CF81F /* PokemonCell.swift */; };
		405F39D924DEEB0A00C9E984 /* AppDelegate.swift in Sources */ = {isa = PBXBuildFile; fileRef = 405F39D824DEEB0A00C9E984 /* AppDelegate.swift */; };
		405F39E224DEEB0B00C9E984 /* Assets.xcassets in Resources */ = {isa = PBXBuildFile; fileRef = 405F39E124DEEB0B00C9E984 /* Assets.xcassets */; };
		405F39E524DEEB0B00C9E984 /* LaunchScreen.storyboard in Resources */ = {isa = PBXBuildFile; fileRef = 405F39E324DEEB0B00C9E984 /* LaunchScreen.storyboard */; };
		405F3A0024DEEFB600C9E984 /* Pokemons.storyboard in Resources */ = {isa = PBXBuildFile; fileRef = 405F39FF24DEEFB600C9E984 /* Pokemons.storyboard */; };
		405F3A0424DEF03600C9E984 /* PokemonsCoordinatorTests.swift in Sources */ = {isa = PBXBuildFile; fileRef = 405F3A0324DEF03600C9E984 /* PokemonsCoordinatorTests.swift */; };
		405F3A0624DEF09000C9E984 /* PokemonsCoordinator.swift in Sources */ = {isa = PBXBuildFile; fileRef = 405F3A0524DEF09000C9E984 /* PokemonsCoordinator.swift */; };
		405F3A0724DEF0E400C9E984 /* PokemonsCoordinator.swift in Sources */ = {isa = PBXBuildFile; fileRef = 405F3A0524DEF09000C9E984 /* PokemonsCoordinator.swift */; };
		405F3A0A24DEF18600C9E984 /* Coordinator.swift in Sources */ = {isa = PBXBuildFile; fileRef = 405F3A0924DEF18600C9E984 /* Coordinator.swift */; };
		405F3A0B24DEF18600C9E984 /* Coordinator.swift in Sources */ = {isa = PBXBuildFile; fileRef = 405F3A0924DEF18600C9E984 /* Coordinator.swift */; };
		405F3A0D24DEFA6C00C9E984 /* PokemonsListController.swift in Sources */ = {isa = PBXBuildFile; fileRef = 405F3A0C24DEFA6C00C9E984 /* PokemonsListController.swift */; };
		405F3A0F24DEFA9F00C9E984 /* CreateFromStoryboard.swift in Sources */ = {isa = PBXBuildFile; fileRef = 405F3A0E24DEFA9F00C9E984 /* CreateFromStoryboard.swift */; };
		405F3A1124DEFBF600C9E984 /* PokemonsListController.swift in Sources */ = {isa = PBXBuildFile; fileRef = 405F3A0C24DEFA6C00C9E984 /* PokemonsListController.swift */; };
		405F3A1224DEFC1400C9E984 /* CreateFromStoryboard.swift in Sources */ = {isa = PBXBuildFile; fileRef = 405F3A0E24DEFA9F00C9E984 /* CreateFromStoryboard.swift */; };
		405F3A1924DF0AA100C9E984 /* pokemon.csv in Resources */ = {isa = PBXBuildFile; fileRef = 405F3A1824DF0AA100C9E984 /* pokemon.csv */; };
		405F3A1C24DF0E7700C9E984 /* CSVParserTests.swift in Sources */ = {isa = PBXBuildFile; fileRef = 405F3A1B24DF0E7700C9E984 /* CSVParserTests.swift */; };
		405F3A1F24DF0ED400C9E984 /* testCSV.csv in Resources */ = {isa = PBXBuildFile; fileRef = 405F3A1E24DF0ED400C9E984 /* testCSV.csv */; };
		405F3A2124DF0F4200C9E984 /* CSVParser.swift in Sources */ = {isa = PBXBuildFile; fileRef = 405F3A2024DF0F4200C9E984 /* CSVParser.swift */; };
		405F3A2224DF0F4200C9E984 /* CSVParser.swift in Sources */ = {isa = PBXBuildFile; fileRef = 405F3A2024DF0F4200C9E984 /* CSVParser.swift */; };
		405F3A2424E17ED000C9E984 /* PokemonDetailedController.swift in Sources */ = {isa = PBXBuildFile; fileRef = 405F3A2324E17ED000C9E984 /* PokemonDetailedController.swift */; };
		405F3A2724E17FE100C9E984 /* BaseController.swift in Sources */ = {isa = PBXBuildFile; fileRef = 405F3A2624E17FE100C9E984 /* BaseController.swift */; };
		405F3A2924E1C05500C9E984 /* RestApi.swift in Sources */ = {isa = PBXBuildFile; fileRef = 405F3A2824E1C05500C9E984 /* RestApi.swift */; };
		405F3A2B24E1C0BA00C9E984 /* Closures.swift in Sources */ = {isa = PBXBuildFile; fileRef = 405F3A2A24E1C0BA00C9E984 /* Closures.swift */; };
		405F3A2D24E1C12F00C9E984 /* RestApiClient.swift in Sources */ = {isa = PBXBuildFile; fileRef = 405F3A2C24E1C12F00C9E984 /* RestApiClient.swift */; };
		405F3A3024E1C43200C9E984 /* PokemonsApi.swift in Sources */ = {isa = PBXBuildFile; fileRef = 405F3A2F24E1C43200C9E984 /* PokemonsApi.swift */; };
		405F3A3224E1C4A700C9E984 /* PokemonsApiClient.swift in Sources */ = {isa = PBXBuildFile; fileRef = 405F3A3124E1C4A700C9E984 /* PokemonsApiClient.swift */; };
		405F3A3524E1C89500C9E984 /* Pokemon.swift in Sources */ = {isa = PBXBuildFile; fileRef = 405F3A3424E1C89500C9E984 /* Pokemon.swift */; };
		405F3A3724E1C9DD00C9E984 /* JsonParser.swift in Sources */ = {isa = PBXBuildFile; fileRef = 405F3A3624E1C9DD00C9E984 /* JsonParser.swift */; };
		405F3A3924E1CBDB00C9E984 /* JsonParserTests.swift in Sources */ = {isa = PBXBuildFile; fileRef = 405F3A3824E1CBDB00C9E984 /* JsonParserTests.swift */; };
		405F3A3A24E1D0DD00C9E984 /* BaseController.swift in Sources */ = {isa = PBXBuildFile; fileRef = 405F3A2624E17FE100C9E984 /* BaseController.swift */; };
		405F3A3C24E26C5300C9E984 /* Stat.swift in Sources */ = {isa = PBXBuildFile; fileRef = 405F3A3B24E26C5300C9E984 /* Stat.swift */; };
		405F3A3E24E26C5F00C9E984 /* Ability.swift in Sources */ = {isa = PBXBuildFile; fileRef = 405F3A3D24E26C5F00C9E984 /* Ability.swift */; };
		4097BC4D24EECDAF00B25CFD /* Type.swift in Sources */ = {isa = PBXBuildFile; fileRef = 4097BC4C24EECDAF00B25CFD /* Type.swift */; };
		4097BC4F24EF98BD00B25CFD /* StatCell.swift in Sources */ = {isa = PBXBuildFile; fileRef = 4097BC4E24EF98BD00B25CFD /* StatCell.swift */; };
		530A3A08F79232AA62631658 /* Pods_PokemonsTests.framework in Frameworks */ = {isa = PBXBuildFile; fileRef = 824FB2D12EDB9A55DF7B8317 /* Pods_PokemonsTests.framework */; };
		D8901A96653C3F2AC2326D09 /* Pods_Pokemons.framework in Frameworks */ = {isa = PBXBuildFile; fileRef = 7A9E5BB5914C64563CD34ECF /* Pods_Pokemons.framework */; };
/* End PBXBuildFile section */

/* Begin PBXContainerItemProxy section */
		405F39EC24DEEB0B00C9E984 /* PBXContainerItemProxy */ = {
			isa = PBXContainerItemProxy;
			containerPortal = 405F39CD24DEEB0A00C9E984 /* Project object */;
			proxyType = 1;
			remoteGlobalIDString = 405F39D424DEEB0A00C9E984;
			remoteInfo = Pokemons;
		};
/* End PBXContainerItemProxy section */

/* Begin PBXFileReference section */
		000D612E9A7012067497113F /* Pods-PokemonsTests.release.xcconfig */ = {isa = PBXFileReference; includeInIndex = 1; lastKnownFileType = text.xcconfig; name = "Pods-PokemonsTests.release.xcconfig"; path = "Target Support Files/Pods-PokemonsTests/Pods-PokemonsTests.release.xcconfig"; sourceTree = "<group>"; };
		0C635877E27B1EC1AB07F651 /* Pods-Pokemons.debug.xcconfig */ = {isa = PBXFileReference; includeInIndex = 1; lastKnownFileType = text.xcconfig; name = "Pods-Pokemons.debug.xcconfig"; path = "Target Support Files/Pods-Pokemons/Pods-Pokemons.debug.xcconfig"; sourceTree = "<group>"; };
		4000BE2D24EE612F007075A2 /* Storage.swift */ = {isa = PBXFileReference; lastKnownFileType = sourcecode.swift; path = Storage.swift; sourceTree = "<group>"; };
		4000BE3024EE6304007075A2 /* PokemonStorage.swift */ = {isa = PBXFileReference; lastKnownFileType = sourcecode.swift; path = PokemonStorage.swift; sourceTree = "<group>"; };
		40071EE024EE5291003CF81F /* PokemonsListViewModel.swift */ = {isa = PBXFileReference; lastKnownFileType = sourcecode.swift; path = PokemonsListViewModel.swift; sourceTree = "<group>"; };
		40071EE224EE52AA003CF81F /* PokemonDetailedViewModel.swift */ = {isa = PBXFileReference; lastKnownFileType = sourcecode.swift; path = PokemonDetailedViewModel.swift; sourceTree = "<group>"; };
		40071EE424EE5A3A003CF81F /* PokemonCell.swift */ = {isa = PBXFileReference; lastKnownFileType = sourcecode.swift; path = PokemonCell.swift; sourceTree = "<group>"; };
		405F39D524DEEB0A00C9E984 /* Pokemons.app */ = {isa = PBXFileReference; explicitFileType = wrapper.application; includeInIndex = 0; path = Pokemons.app; sourceTree = BUILT_PRODUCTS_DIR; };
		405F39D824DEEB0A00C9E984 /* AppDelegate.swift */ = {isa = PBXFileReference; lastKnownFileType = sourcecode.swift; path = AppDelegate.swift; sourceTree = "<group>"; };
		405F39E124DEEB0B00C9E984 /* Assets.xcassets */ = {isa = PBXFileReference; lastKnownFileType = folder.assetcatalog; path = Assets.xcassets; sourceTree = "<group>"; };
		405F39E424DEEB0B00C9E984 /* Base */ = {isa = PBXFileReference; lastKnownFileType = file.storyboard; name = Base; path = Base.lproj/LaunchScreen.storyboard; sourceTree = "<group>"; };
		405F39E624DEEB0B00C9E984 /* Info.plist */ = {isa = PBXFileReference; lastKnownFileType = text.plist.xml; path = Info.plist; sourceTree = "<group>"; };
		405F39EB24DEEB0B00C9E984 /* PokemonsTests.xctest */ = {isa = PBXFileReference; explicitFileType = wrapper.cfbundle; includeInIndex = 0; path = PokemonsTests.xctest; sourceTree = BUILT_PRODUCTS_DIR; };
		405F39F124DEEB0B00C9E984 /* Info.plist */ = {isa = PBXFileReference; lastKnownFileType = text.plist.xml; path = Info.plist; sourceTree = "<group>"; };
		405F39FF24DEEFB600C9E984 /* Pokemons.storyboard */ = {isa = PBXFileReference; lastKnownFileType = file.storyboard; path = Pokemons.storyboard; sourceTree = "<group>"; };
		405F3A0324DEF03600C9E984 /* PokemonsCoordinatorTests.swift */ = {isa = PBXFileReference; lastKnownFileType = sourcecode.swift; path = PokemonsCoordinatorTests.swift; sourceTree = "<group>"; };
		405F3A0524DEF09000C9E984 /* PokemonsCoordinator.swift */ = {isa = PBXFileReference; lastKnownFileType = sourcecode.swift; path = PokemonsCoordinator.swift; sourceTree = "<group>"; };
		405F3A0924DEF18600C9E984 /* Coordinator.swift */ = {isa = PBXFileReference; lastKnownFileType = sourcecode.swift; path = Coordinator.swift; sourceTree = "<group>"; };
		405F3A0C24DEFA6C00C9E984 /* PokemonsListController.swift */ = {isa = PBXFileReference; lastKnownFileType = sourcecode.swift; path = PokemonsListController.swift; sourceTree = "<group>"; };
		405F3A0E24DEFA9F00C9E984 /* CreateFromStoryboard.swift */ = {isa = PBXFileReference; lastKnownFileType = sourcecode.swift; path = CreateFromStoryboard.swift; sourceTree = "<group>"; };
		405F3A1824DF0AA100C9E984 /* pokemon.csv */ = {isa = PBXFileReference; fileEncoding = 4; lastKnownFileType = text; path = pokemon.csv; sourceTree = "<group>"; };
		405F3A1B24DF0E7700C9E984 /* CSVParserTests.swift */ = {isa = PBXFileReference; lastKnownFileType = sourcecode.swift; path = CSVParserTests.swift; sourceTree = "<group>"; };
		405F3A1E24DF0ED400C9E984 /* testCSV.csv */ = {isa = PBXFileReference; fileEncoding = 4; lastKnownFileType = text; path = testCSV.csv; sourceTree = "<group>"; };
		405F3A2024DF0F4200C9E984 /* CSVParser.swift */ = {isa = PBXFileReference; lastKnownFileType = sourcecode.swift; path = CSVParser.swift; sourceTree = "<group>"; };
		405F3A2324E17ED000C9E984 /* PokemonDetailedController.swift */ = {isa = PBXFileReference; lastKnownFileType = sourcecode.swift; path = PokemonDetailedController.swift; sourceTree = "<group>"; };
		405F3A2624E17FE100C9E984 /* BaseController.swift */ = {isa = PBXFileReference; lastKnownFileType = sourcecode.swift; path = BaseController.swift; sourceTree = "<group>"; };
		405F3A2824E1C05500C9E984 /* RestApi.swift */ = {isa = PBXFileReference; lastKnownFileType = sourcecode.swift; path = RestApi.swift; sourceTree = "<group>"; };
		405F3A2A24E1C0BA00C9E984 /* Closures.swift */ = {isa = PBXFileReference; lastKnownFileType = sourcecode.swift; path = Closures.swift; sourceTree = "<group>"; };
		405F3A2C24E1C12F00C9E984 /* RestApiClient.swift */ = {isa = PBXFileReference; lastKnownFileType = sourcecode.swift; path = RestApiClient.swift; sourceTree = "<group>"; };
		405F3A2F24E1C43200C9E984 /* PokemonsApi.swift */ = {isa = PBXFileReference; lastKnownFileType = sourcecode.swift; path = PokemonsApi.swift; sourceTree = "<group>"; };
		405F3A3124E1C4A700C9E984 /* PokemonsApiClient.swift */ = {isa = PBXFileReference; lastKnownFileType = sourcecode.swift; path = PokemonsApiClient.swift; sourceTree = "<group>"; };
		405F3A3424E1C89500C9E984 /* Pokemon.swift */ = {isa = PBXFileReference; lastKnownFileType = sourcecode.swift; path = Pokemon.swift; sourceTree = "<group>"; };
		405F3A3624E1C9DD00C9E984 /* JsonParser.swift */ = {isa = PBXFileReference; lastKnownFileType = sourcecode.swift; path = JsonParser.swift; sourceTree = "<group>"; };
		405F3A3824E1CBDB00C9E984 /* JsonParserTests.swift */ = {isa = PBXFileReference; lastKnownFileType = sourcecode.swift; path = JsonParserTests.swift; sourceTree = "<group>"; };
		405F3A3B24E26C5300C9E984 /* Stat.swift */ = {isa = PBXFileReference; lastKnownFileType = sourcecode.swift; path = Stat.swift; sourceTree = "<group>"; };
		405F3A3D24E26C5F00C9E984 /* Ability.swift */ = {isa = PBXFileReference; lastKnownFileType = sourcecode.swift; path = Ability.swift; sourceTree = "<group>"; };
		4097BC4C24EECDAF00B25CFD /* Type.swift */ = {isa = PBXFileReference; lastKnownFileType = sourcecode.swift; path = Type.swift; sourceTree = "<group>"; };
		4097BC4E24EF98BD00B25CFD /* StatCell.swift */ = {isa = PBXFileReference; lastKnownFileType = sourcecode.swift; path = StatCell.swift; sourceTree = "<group>"; };
		5EECFE18D01FA522FFD3239A /* Pods-PokemonsTests.debug.xcconfig */ = {isa = PBXFileReference; includeInIndex = 1; lastKnownFileType = text.xcconfig; name = "Pods-PokemonsTests.debug.xcconfig"; path = "Target Support Files/Pods-PokemonsTests/Pods-PokemonsTests.debug.xcconfig"; sourceTree = "<group>"; };
		7A9E5BB5914C64563CD34ECF /* Pods_Pokemons.framework */ = {isa = PBXFileReference; explicitFileType = wrapper.framework; includeInIndex = 0; path = Pods_Pokemons.framework; sourceTree = BUILT_PRODUCTS_DIR; };
		824FB2D12EDB9A55DF7B8317 /* Pods_PokemonsTests.framework */ = {isa = PBXFileReference; explicitFileType = wrapper.framework; includeInIndex = 0; path = Pods_PokemonsTests.framework; sourceTree = BUILT_PRODUCTS_DIR; };
		B8D6B9689D06049F635F67AB /* Pods-Pokemons.release.xcconfig */ = {isa = PBXFileReference; includeInIndex = 1; lastKnownFileType = text.xcconfig; name = "Pods-Pokemons.release.xcconfig"; path = "Target Support Files/Pods-Pokemons/Pods-Pokemons.release.xcconfig"; sourceTree = "<group>"; };
/* End PBXFileReference section */

/* Begin PBXFrameworksBuildPhase section */
		405F39D224DEEB0A00C9E984 /* Frameworks */ = {
			isa = PBXFrameworksBuildPhase;
			buildActionMask = 2147483647;
			files = (
				D8901A96653C3F2AC2326D09 /* Pods_Pokemons.framework in Frameworks */,
			);
			runOnlyForDeploymentPostprocessing = 0;
		};
		405F39E824DEEB0B00C9E984 /* Frameworks */ = {
			isa = PBXFrameworksBuildPhase;
			buildActionMask = 2147483647;
			files = (
				530A3A08F79232AA62631658 /* Pods_PokemonsTests.framework in Frameworks */,
			);
			runOnlyForDeploymentPostprocessing = 0;
		};
/* End PBXFrameworksBuildPhase section */

/* Begin PBXGroup section */
		40071EDF24EE526C003CF81F /* ViewModels */ = {
			isa = PBXGroup;
			children = (
				40071EE024EE5291003CF81F /* PokemonsListViewModel.swift */,
				40071EE224EE52AA003CF81F /* PokemonDetailedViewModel.swift */,
			);
			path = ViewModels;
			sourceTree = "<group>";
		};
		40071EE624EE5A3F003CF81F /* Cells */ = {
			isa = PBXGroup;
			children = (
				40071EE424EE5A3A003CF81F /* PokemonCell.swift */,
				4097BC4E24EF98BD00B25CFD /* StatCell.swift */,
			);
			path = Cells;
			sourceTree = "<group>";
		};
		405F39CC24DEEB0A00C9E984 = {
			isa = PBXGroup;
			children = (
				405F39D724DEEB0A00C9E984 /* Pokemons */,
				405F39EE24DEEB0B00C9E984 /* PokemonsTests */,
				405F39D624DEEB0A00C9E984 /* Products */,
				FDB06EFB7AE565BA32D626AD /* Pods */,
				EE4F1F1E1C5DF76B70B552D8 /* Frameworks */,
			);
			sourceTree = "<group>";
		};
		405F39D624DEEB0A00C9E984 /* Products */ = {
			isa = PBXGroup;
			children = (
				405F39D524DEEB0A00C9E984 /* Pokemons.app */,
				405F39EB24DEEB0B00C9E984 /* PokemonsTests.xctest */,
			);
			name = Products;
			sourceTree = "<group>";
		};
		405F39D724DEEB0A00C9E984 /* Pokemons */ = {
			isa = PBXGroup;
			children = (
				405F39D824DEEB0A00C9E984 /* AppDelegate.swift */,
				405F39FA24DEEEDD00C9E984 /* UI */,
				405F3A3324E1C87E00C9E984 /* Models */,
				405F3A0824DEF16E00C9E984 /* Protocols */,
				405F39FE24DEEF7700C9E984 /* Networking */,
				405F39FD24DEEF6200C9E984 /* Resources */,
				405F39FC24DEEF1D00C9E984 /* Helpers */,
				405F39E124DEEB0B00C9E984 /* Assets.xcassets */,
				405F39E324DEEB0B00C9E984 /* LaunchScreen.storyboard */,
				405F39E624DEEB0B00C9E984 /* Info.plist */,
			);
			path = Pokemons;
			sourceTree = "<group>";
		};
		405F39EE24DEEB0B00C9E984 /* PokemonsTests */ = {
			isa = PBXGroup;
			children = (
				405F3A1D24DF0E8B00C9E984 /* Mocks */,
				405F3A0324DEF03600C9E984 /* PokemonsCoordinatorTests.swift */,
				405F3A1B24DF0E7700C9E984 /* CSVParserTests.swift */,
				405F3A3824E1CBDB00C9E984 /* JsonParserTests.swift */,
				405F39F124DEEB0B00C9E984 /* Info.plist */,
			);
			path = PokemonsTests;
			sourceTree = "<group>";
		};
		405F39FA24DEEEDD00C9E984 /* UI */ = {
			isa = PBXGroup;
			children = (
				405F3A2524E17FCE00C9E984 /* Base */,
				405F39FB24DEEEF000C9E984 /* Pokemons */,
			);
			path = UI;
			sourceTree = "<group>";
		};
		405F39FB24DEEEF000C9E984 /* Pokemons */ = {
			isa = PBXGroup;
			children = (
				40071EE624EE5A3F003CF81F /* Cells */,
				40071EDF24EE526C003CF81F /* ViewModels */,
				405F3A0224DEF01800C9E984 /* Coordinator */,
				405F3A0124DEF00300C9E984 /* Controllers */,
				405F39FF24DEEFB600C9E984 /* Pokemons.storyboard */,
			);
			path = Pokemons;
			sourceTree = "<group>";
		};
		405F39FC24DEEF1D00C9E984 /* Helpers */ = {
			isa = PBXGroup;
			children = (
				405F3A2024DF0F4200C9E984 /* CSVParser.swift */,
				405F3A3624E1C9DD00C9E984 /* JsonParser.swift */,
				405F3A2A24E1C0BA00C9E984 /* Closures.swift */,
				4000BE3024EE6304007075A2 /* PokemonStorage.swift */,
			);
			path = Helpers;
			sourceTree = "<group>";
		};
		405F39FD24DEEF6200C9E984 /* Resources */ = {
			isa = PBXGroup;
			children = (
				405F3A1824DF0AA100C9E984 /* pokemon.csv */,
			);
			path = Resources;
			sourceTree = "<group>";
		};
		405F39FE24DEEF7700C9E984 /* Networking */ = {
			isa = PBXGroup;
			children = (
				405F3A2E24E1C41D00C9E984 /* Pokemons */,
				405F3A2824E1C05500C9E984 /* RestApi.swift */,
				405F3A2C24E1C12F00C9E984 /* RestApiClient.swift */,
			);
			path = Networking;
			sourceTree = "<group>";
		};
		405F3A0124DEF00300C9E984 /* Controllers */ = {
			isa = PBXGroup;
			children = (
				405F3A0C24DEFA6C00C9E984 /* PokemonsListController.swift */,
				405F3A2324E17ED000C9E984 /* PokemonDetailedController.swift */,
			);
			path = Controllers;
			sourceTree = "<group>";
		};
		405F3A0224DEF01800C9E984 /* Coordinator */ = {
			isa = PBXGroup;
			children = (
				405F3A0524DEF09000C9E984 /* PokemonsCoordinator.swift */,
			);
			path = Coordinator;
			sourceTree = "<group>";
		};
		405F3A0824DEF16E00C9E984 /* Protocols */ = {
			isa = PBXGroup;
			children = (
				405F3A0924DEF18600C9E984 /* Coordinator.swift */,
				405F3A0E24DEFA9F00C9E984 /* CreateFromStoryboard.swift */,
				4000BE2D24EE612F007075A2 /* Storage.swift */,
			);
			path = Protocols;
			sourceTree = "<group>";
		};
		405F3A1D24DF0E8B00C9E984 /* Mocks */ = {
			isa = PBXGroup;
			children = (
				405F3A1E24DF0ED400C9E984 /* testCSV.csv */,
			);
			path = Mocks;
			sourceTree = "<group>";
		};
		405F3A2524E17FCE00C9E984 /* Base */ = {
			isa = PBXGroup;
			children = (
				405F3A2624E17FE100C9E984 /* BaseController.swift */,
			);
			path = Base;
			sourceTree = "<group>";
		};
		405F3A2E24E1C41D00C9E984 /* Pokemons */ = {
			isa = PBXGroup;
			children = (
				405F3A2F24E1C43200C9E984 /* PokemonsApi.swift */,
				405F3A3124E1C4A700C9E984 /* PokemonsApiClient.swift */,
			);
			path = Pokemons;
			sourceTree = "<group>";
		};
		405F3A3324E1C87E00C9E984 /* Models */ = {
			isa = PBXGroup;
			children = (
				405F3A3424E1C89500C9E984 /* Pokemon.swift */,
				405F3A3B24E26C5300C9E984 /* Stat.swift */,
				405F3A3D24E26C5F00C9E984 /* Ability.swift */,
				4097BC4C24EECDAF00B25CFD /* Type.swift */,
			);
			path = Models;
			sourceTree = "<group>";
		};
		EE4F1F1E1C5DF76B70B552D8 /* Frameworks */ = {
			isa = PBXGroup;
			children = (
				7A9E5BB5914C64563CD34ECF /* Pods_Pokemons.framework */,
				824FB2D12EDB9A55DF7B8317 /* Pods_PokemonsTests.framework */,
			);
			name = Frameworks;
			sourceTree = "<group>";
		};
		FDB06EFB7AE565BA32D626AD /* Pods */ = {
			isa = PBXGroup;
			children = (
				0C635877E27B1EC1AB07F651 /* Pods-Pokemons.debug.xcconfig */,
				B8D6B9689D06049F635F67AB /* Pods-Pokemons.release.xcconfig */,
				5EECFE18D01FA522FFD3239A /* Pods-PokemonsTests.debug.xcconfig */,
				000D612E9A7012067497113F /* Pods-PokemonsTests.release.xcconfig */,
			);
			path = Pods;
			sourceTree = "<group>";
		};
/* End PBXGroup section */

/* Begin PBXNativeTarget section */
		405F39D424DEEB0A00C9E984 /* Pokemons */ = {
			isa = PBXNativeTarget;
			buildConfigurationList = 405F39F424DEEB0B00C9E984 /* Build configuration list for PBXNativeTarget "Pokemons" */;
			buildPhases = (
				4BEFA167FC0C4DE49F7A8ABF /* [CP] Check Pods Manifest.lock */,
				405F39D124DEEB0A00C9E984 /* Sources */,
				405F39D224DEEB0A00C9E984 /* Frameworks */,
				405F39D324DEEB0A00C9E984 /* Resources */,
				85BE0B0D192A4A3ABD8E9010 /* [CP] Embed Pods Frameworks */,
			);
			buildRules = (
			);
			dependencies = (
			);
			name = Pokemons;
			productName = Pokemons;
			productReference = 405F39D524DEEB0A00C9E984 /* Pokemons.app */;
			productType = "com.apple.product-type.application";
		};
		405F39EA24DEEB0B00C9E984 /* PokemonsTests */ = {
			isa = PBXNativeTarget;
			buildConfigurationList = 405F39F724DEEB0B00C9E984 /* Build configuration list for PBXNativeTarget "PokemonsTests" */;
			buildPhases = (
				09AB8CFDCA7DAE7E736119B9 /* [CP] Check Pods Manifest.lock */,
				405F39E724DEEB0B00C9E984 /* Sources */,
				405F39E824DEEB0B00C9E984 /* Frameworks */,
				405F39E924DEEB0B00C9E984 /* Resources */,
				E0EB555D4FC2F51D124CC869 /* [CP] Embed Pods Frameworks */,
			);
			buildRules = (
			);
			dependencies = (
				405F39ED24DEEB0B00C9E984 /* PBXTargetDependency */,
			);
			name = PokemonsTests;
			productName = PokemonsTests;
			productReference = 405F39EB24DEEB0B00C9E984 /* PokemonsTests.xctest */;
			productType = "com.apple.product-type.bundle.unit-test";
		};
/* End PBXNativeTarget section */

/* Begin PBXProject section */
		405F39CD24DEEB0A00C9E984 /* Project object */ = {
			isa = PBXProject;
			attributes = {
				LastSwiftUpdateCheck = 1150;
				LastUpgradeCheck = 1150;
				ORGANIZATIONNAME = "Georgiy Farafonov";
				TargetAttributes = {
					405F39D424DEEB0A00C9E984 = {
						CreatedOnToolsVersion = 11.5;
					};
					405F39EA24DEEB0B00C9E984 = {
						CreatedOnToolsVersion = 11.5;
						TestTargetID = 405F39D424DEEB0A00C9E984;
					};
				};
			};
			buildConfigurationList = 405F39D024DEEB0A00C9E984 /* Build configuration list for PBXProject "Pokemons" */;
			compatibilityVersion = "Xcode 9.3";
			developmentRegion = en;
			hasScannedForEncodings = 0;
			knownRegions = (
				en,
				Base,
			);
			mainGroup = 405F39CC24DEEB0A00C9E984;
			productRefGroup = 405F39D624DEEB0A00C9E984 /* Products */;
			projectDirPath = "";
			projectRoot = "";
			targets = (
				405F39D424DEEB0A00C9E984 /* Pokemons */,
				405F39EA24DEEB0B00C9E984 /* PokemonsTests */,
			);
		};
/* End PBXProject section */

/* Begin PBXResourcesBuildPhase section */
		405F39D324DEEB0A00C9E984 /* Resources */ = {
			isa = PBXResourcesBuildPhase;
			buildActionMask = 2147483647;
			files = (
				405F39E524DEEB0B00C9E984 /* LaunchScreen.storyboard in Resources */,
				405F39E224DEEB0B00C9E984 /* Assets.xcassets in Resources */,
				405F3A1924DF0AA100C9E984 /* pokemon.csv in Resources */,
				405F3A0024DEEFB600C9E984 /* Pokemons.storyboard in Resources */,
			);
			runOnlyForDeploymentPostprocessing = 0;
		};
		405F39E924DEEB0B00C9E984 /* Resources */ = {
			isa = PBXResourcesBuildPhase;
			buildActionMask = 2147483647;
			files = (
				405F3A1F24DF0ED400C9E984 /* testCSV.csv in Resources */,
			);
			runOnlyForDeploymentPostprocessing = 0;
		};
/* End PBXResourcesBuildPhase section */

/* Begin PBXShellScriptBuildPhase section */
		09AB8CFDCA7DAE7E736119B9 /* [CP] Check Pods Manifest.lock */ = {
			isa = PBXShellScriptBuildPhase;
			buildActionMask = 2147483647;
			files = (
			);
			inputFileListPaths = (
			);
			inputPaths = (
				"${PODS_PODFILE_DIR_PATH}/Podfile.lock",
				"${PODS_ROOT}/Manifest.lock",
			);
			name = "[CP] Check Pods Manifest.lock";
			outputFileListPaths = (
			);
			outputPaths = (
				"$(DERIVED_FILE_DIR)/Pods-PokemonsTests-checkManifestLockResult.txt",
			);
			runOnlyForDeploymentPostprocessing = 0;
			shellPath = /bin/sh;
			shellScript = "diff \"${PODS_PODFILE_DIR_PATH}/Podfile.lock\" \"${PODS_ROOT}/Manifest.lock\" > /dev/null\nif [ $? != 0 ] ; then\n    # print error to STDERR\n    echo \"error: The sandbox is not in sync with the Podfile.lock. Run 'pod install' or update your CocoaPods installation.\" >&2\n    exit 1\nfi\n# This output is used by Xcode 'outputs' to avoid re-running this script phase.\necho \"SUCCESS\" > \"${SCRIPT_OUTPUT_FILE_0}\"\n";
			showEnvVarsInLog = 0;
		};
		4BEFA167FC0C4DE49F7A8ABF /* [CP] Check Pods Manifest.lock */ = {
			isa = PBXShellScriptBuildPhase;
			buildActionMask = 2147483647;
			files = (
			);
			inputFileListPaths = (
			);
			inputPaths = (
				"${PODS_PODFILE_DIR_PATH}/Podfile.lock",
				"${PODS_ROOT}/Manifest.lock",
			);
			name = "[CP] Check Pods Manifest.lock";
			outputFileListPaths = (
			);
			outputPaths = (
				"$(DERIVED_FILE_DIR)/Pods-Pokemons-checkManifestLockResult.txt",
			);
			runOnlyForDeploymentPostprocessing = 0;
			shellPath = /bin/sh;
			shellScript = "diff \"${PODS_PODFILE_DIR_PATH}/Podfile.lock\" \"${PODS_ROOT}/Manifest.lock\" > /dev/null\nif [ $? != 0 ] ; then\n    # print error to STDERR\n    echo \"error: The sandbox is not in sync with the Podfile.lock. Run 'pod install' or update your CocoaPods installation.\" >&2\n    exit 1\nfi\n# This output is used by Xcode 'outputs' to avoid re-running this script phase.\necho \"SUCCESS\" > \"${SCRIPT_OUTPUT_FILE_0}\"\n";
			showEnvVarsInLog = 0;
		};
		85BE0B0D192A4A3ABD8E9010 /* [CP] Embed Pods Frameworks */ = {
			isa = PBXShellScriptBuildPhase;
			buildActionMask = 2147483647;
			files = (
			);
			inputFileListPaths = (
				"${PODS_ROOT}/Target Support Files/Pods-Pokemons/Pods-Pokemons-frameworks-${CONFIGURATION}-input-files.xcfilelist",
			);
			name = "[CP] Embed Pods Frameworks";
			outputFileListPaths = (
				"${PODS_ROOT}/Target Support Files/Pods-Pokemons/Pods-Pokemons-frameworks-${CONFIGURATION}-output-files.xcfilelist",
			);
			runOnlyForDeploymentPostprocessing = 0;
			shellPath = /bin/sh;
			shellScript = "\"${PODS_ROOT}/Target Support Files/Pods-Pokemons/Pods-Pokemons-frameworks.sh\"\n";
			showEnvVarsInLog = 0;
		};
		E0EB555D4FC2F51D124CC869 /* [CP] Embed Pods Frameworks */ = {
			isa = PBXShellScriptBuildPhase;
			buildActionMask = 2147483647;
			files = (
			);
			inputFileListPaths = (
				"${PODS_ROOT}/Target Support Files/Pods-PokemonsTests/Pods-PokemonsTests-frameworks-${CONFIGURATION}-input-files.xcfilelist",
			);
			name = "[CP] Embed Pods Frameworks";
			outputFileListPaths = (
				"${PODS_ROOT}/Target Support Files/Pods-PokemonsTests/Pods-PokemonsTests-frameworks-${CONFIGURATION}-output-files.xcfilelist",
			);
			runOnlyForDeploymentPostprocessing = 0;
			shellPath = /bin/sh;
			shellScript = "\"${PODS_ROOT}/Target Support Files/Pods-PokemonsTests/Pods-PokemonsTests-frameworks.sh\"\n";
			showEnvVarsInLog = 0;
		};
/* End PBXShellScriptBuildPhase section */

/* Begin PBXSourcesBuildPhase section */
		405F39D124DEEB0A00C9E984 /* Sources */ = {
			isa = PBXSourcesBuildPhase;
			buildActionMask = 2147483647;
			files = (
				405F3A0624DEF09000C9E984 /* PokemonsCoordinator.swift in Sources */,
				405F3A3C24E26C5300C9E984 /* Stat.swift in Sources */,
				405F3A0F24DEFA9F00C9E984 /* CreateFromStoryboard.swift in Sources */,
				405F3A2424E17ED000C9E984 /* PokemonDetailedController.swift in Sources */,
				405F3A0A24DEF18600C9E984 /* Coordinator.swift in Sources */,
				40071EE524EE5A3A003CF81F /* PokemonCell.swift in Sources */,
				405F39D924DEEB0A00C9E984 /* AppDelegate.swift in Sources */,
				405F3A0D24DEFA6C00C9E984 /* PokemonsListController.swift in Sources */,
				4000BE2E24EE612F007075A2 /* Storage.swift in Sources */,
				405F3A2724E17FE100C9E984 /* BaseController.swift in Sources */,
				405F3A3524E1C89500C9E984 /* Pokemon.swift in Sources */,
				40071EE324EE52AA003CF81F /* PokemonDetailedViewModel.swift in Sources */,
				405F3A3224E1C4A700C9E984 /* PokemonsApiClient.swift in Sources */,
				4000BE3124EE6304007075A2 /* PokemonStorage.swift in Sources */,
				40071EE124EE5291003CF81F /* PokemonsListViewModel.swift in Sources */,
				405F3A2D24E1C12F00C9E984 /* RestApiClient.swift in Sources */,
				4097BC4D24EECDAF00B25CFD /* Type.swift in Sources */,
				405F3A3E24E26C5F00C9E984 /* Ability.swift in Sources */,
				405F3A2B24E1C0BA00C9E984 /* Closures.swift in Sources */,
				405F3A3724E1C9DD00C9E984 /* JsonParser.swift in Sources */,
				405F3A2124DF0F4200C9E984 /* CSVParser.swift in Sources */,
				4097BC4F24EF98BD00B25CFD /* StatCell.swift in Sources */,
				405F3A3024E1C43200C9E984 /* PokemonsApi.swift in Sources */,
				405F3A2924E1C05500C9E984 /* RestApi.swift in Sources */,
			);
			runOnlyForDeploymentPostprocessing = 0;
		};
		405F39E724DEEB0B00C9E984 /* Sources */ = {
			isa = PBXSourcesBuildPhase;
			buildActionMask = 2147483647;
			files = (
				405F3A0B24DEF18600C9E984 /* Coordinator.swift in Sources */,
				405F3A3A24E1D0DD00C9E984 /* BaseController.swift in Sources */,
				4000BE3224EE6304007075A2 /* PokemonStorage.swift in Sources */,
				405F3A0724DEF0E400C9E984 /* PokemonsCoordinator.swift in Sources */,
				405F3A3924E1CBDB00C9E984 /* JsonParserTests.swift in Sources */,
				405F3A1224DEFC1400C9E984 /* CreateFromStoryboard.swift in Sources */,
				405F3A0424DEF03600C9E984 /* PokemonsCoordinatorTests.swift in Sources */,
				405F3A1124DEFBF600C9E984 /* PokemonsListController.swift in Sources */,
				405F3A2224DF0F4200C9E984 /* CSVParser.swift in Sources */,
				405F3A1C24DF0E7700C9E984 /* CSVParserTests.swift in Sources */,
				4000BE2F24EE612F007075A2 /* Storage.swift in Sources */,
			);
			runOnlyForDeploymentPostprocessing = 0;
		};
/* End PBXSourcesBuildPhase section */

/* Begin PBXTargetDependency section */
		405F39ED24DEEB0B00C9E984 /* PBXTargetDependency */ = {
			isa = PBXTargetDependency;
			target = 405F39D424DEEB0A00C9E984 /* Pokemons */;
			targetProxy = 405F39EC24DEEB0B00C9E984 /* PBXContainerItemProxy */;
		};
/* End PBXTargetDependency section */

/* Begin PBXVariantGroup section */
		405F39E324DEEB0B00C9E984 /* LaunchScreen.storyboard */ = {
			isa = PBXVariantGroup;
			children = (
				405F39E424DEEB0B00C9E984 /* Base */,
			);
			name = LaunchScreen.storyboard;
			sourceTree = "<group>";
		};
/* End PBXVariantGroup section */

/* Begin XCBuildConfiguration section */
		405F39F224DEEB0B00C9E984 /* Debug */ = {
			isa = XCBuildConfiguration;
			buildSettings = {
				ALWAYS_SEARCH_USER_PATHS = NO;
				CLANG_ANALYZER_NONNULL = YES;
				CLANG_ANALYZER_NUMBER_OBJECT_CONVERSION = YES_AGGRESSIVE;
				CLANG_CXX_LANGUAGE_STANDARD = "gnu++14";
				CLANG_CXX_LIBRARY = "libc++";
				CLANG_ENABLE_MODULES = YES;
				CLANG_ENABLE_OBJC_ARC = YES;
				CLANG_ENABLE_OBJC_WEAK = YES;
				CLANG_WARN_BLOCK_CAPTURE_AUTORELEASING = YES;
				CLANG_WARN_BOOL_CONVERSION = YES;
				CLANG_WARN_COMMA = YES;
				CLANG_WARN_CONSTANT_CONVERSION = YES;
				CLANG_WARN_DEPRECATED_OBJC_IMPLEMENTATIONS = YES;
				CLANG_WARN_DIRECT_OBJC_ISA_USAGE = YES_ERROR;
				CLANG_WARN_DOCUMENTATION_COMMENTS = YES;
				CLANG_WARN_EMPTY_BODY = YES;
				CLANG_WARN_ENUM_CONVERSION = YES;
				CLANG_WARN_INFINITE_RECURSION = YES;
				CLANG_WARN_INT_CONVERSION = YES;
				CLANG_WARN_NON_LITERAL_NULL_CONVERSION = YES;
				CLANG_WARN_OBJC_IMPLICIT_RETAIN_SELF = YES;
				CLANG_WARN_OBJC_LITERAL_CONVERSION = YES;
				CLANG_WARN_OBJC_ROOT_CLASS = YES_ERROR;
				CLANG_WARN_RANGE_LOOP_ANALYSIS = YES;
				CLANG_WARN_STRICT_PROTOTYPES = YES;
				CLANG_WARN_SUSPICIOUS_MOVE = YES;
				CLANG_WARN_UNGUARDED_AVAILABILITY = YES_AGGRESSIVE;
				CLANG_WARN_UNREACHABLE_CODE = YES;
				CLANG_WARN__DUPLICATE_METHOD_MATCH = YES;
				COPY_PHASE_STRIP = NO;
				DEBUG_INFORMATION_FORMAT = dwarf;
				ENABLE_STRICT_OBJC_MSGSEND = YES;
				ENABLE_TESTABILITY = YES;
				GCC_C_LANGUAGE_STANDARD = gnu11;
				GCC_DYNAMIC_NO_PIC = NO;
				GCC_NO_COMMON_BLOCKS = YES;
				GCC_OPTIMIZATION_LEVEL = 0;
				GCC_PREPROCESSOR_DEFINITIONS = (
					"DEBUG=1",
					"$(inherited)",
				);
				GCC_WARN_64_TO_32_BIT_CONVERSION = YES;
				GCC_WARN_ABOUT_RETURN_TYPE = YES_ERROR;
				GCC_WARN_UNDECLARED_SELECTOR = YES;
				GCC_WARN_UNINITIALIZED_AUTOS = YES_AGGRESSIVE;
				GCC_WARN_UNUSED_FUNCTION = YES;
				GCC_WARN_UNUSED_VARIABLE = YES;
				IPHONEOS_DEPLOYMENT_TARGET = 13.5;
				MTL_ENABLE_DEBUG_INFO = INCLUDE_SOURCE;
				MTL_FAST_MATH = YES;
				ONLY_ACTIVE_ARCH = YES;
				SDKROOT = iphoneos;
				SWIFT_ACTIVE_COMPILATION_CONDITIONS = DEBUG;
				SWIFT_OPTIMIZATION_LEVEL = "-Onone";
			};
			name = Debug;
		};
		405F39F324DEEB0B00C9E984 /* Release */ = {
			isa = XCBuildConfiguration;
			buildSettings = {
				ALWAYS_SEARCH_USER_PATHS = NO;
				CLANG_ANALYZER_NONNULL = YES;
				CLANG_ANALYZER_NUMBER_OBJECT_CONVERSION = YES_AGGRESSIVE;
				CLANG_CXX_LANGUAGE_STANDARD = "gnu++14";
				CLANG_CXX_LIBRARY = "libc++";
				CLANG_ENABLE_MODULES = YES;
				CLANG_ENABLE_OBJC_ARC = YES;
				CLANG_ENABLE_OBJC_WEAK = YES;
				CLANG_WARN_BLOCK_CAPTURE_AUTORELEASING = YES;
				CLANG_WARN_BOOL_CONVERSION = YES;
				CLANG_WARN_COMMA = YES;
				CLANG_WARN_CONSTANT_CONVERSION = YES;
				CLANG_WARN_DEPRECATED_OBJC_IMPLEMENTATIONS = YES;
				CLANG_WARN_DIRECT_OBJC_ISA_USAGE = YES_ERROR;
				CLANG_WARN_DOCUMENTATION_COMMENTS = YES;
				CLANG_WARN_EMPTY_BODY = YES;
				CLANG_WARN_ENUM_CONVERSION = YES;
				CLANG_WARN_INFINITE_RECURSION = YES;
				CLANG_WARN_INT_CONVERSION = YES;
				CLANG_WARN_NON_LITERAL_NULL_CONVERSION = YES;
				CLANG_WARN_OBJC_IMPLICIT_RETAIN_SELF = YES;
				CLANG_WARN_OBJC_LITERAL_CONVERSION = YES;
				CLANG_WARN_OBJC_ROOT_CLASS = YES_ERROR;
				CLANG_WARN_RANGE_LOOP_ANALYSIS = YES;
				CLANG_WARN_STRICT_PROTOTYPES = YES;
				CLANG_WARN_SUSPICIOUS_MOVE = YES;
				CLANG_WARN_UNGUARDED_AVAILABILITY = YES_AGGRESSIVE;
				CLANG_WARN_UNREACHABLE_CODE = YES;
				CLANG_WARN__DUPLICATE_METHOD_MATCH = YES;
				COPY_PHASE_STRIP = NO;
				DEBUG_INFORMATION_FORMAT = "dwarf-with-dsym";
				ENABLE_NS_ASSERTIONS = NO;
				ENABLE_STRICT_OBJC_MSGSEND = YES;
				GCC_C_LANGUAGE_STANDARD = gnu11;
				GCC_NO_COMMON_BLOCKS = YES;
				GCC_WARN_64_TO_32_BIT_CONVERSION = YES;
				GCC_WARN_ABOUT_RETURN_TYPE = YES_ERROR;
				GCC_WARN_UNDECLARED_SELECTOR = YES;
				GCC_WARN_UNINITIALIZED_AUTOS = YES_AGGRESSIVE;
				GCC_WARN_UNUSED_FUNCTION = YES;
				GCC_WARN_UNUSED_VARIABLE = YES;
				IPHONEOS_DEPLOYMENT_TARGET = 13.5;
				MTL_ENABLE_DEBUG_INFO = NO;
				MTL_FAST_MATH = YES;
				SDKROOT = iphoneos;
				SWIFT_COMPILATION_MODE = wholemodule;
				SWIFT_OPTIMIZATION_LEVEL = "-O";
				VALIDATE_PRODUCT = YES;
			};
			name = Release;
		};
		405F39F524DEEB0B00C9E984 /* Debug */ = {
			isa = XCBuildConfiguration;
			baseConfigurationReference = 0C635877E27B1EC1AB07F651 /* Pods-Pokemons.debug.xcconfig */;
			buildSettings = {
				ASSETCATALOG_COMPILER_APPICON_NAME = AppIcon;
				CODE_SIGN_STYLE = Automatic;
				INFOPLIST_FILE = Pokemons/Info.plist;
				LD_RUNPATH_SEARCH_PATHS = (
					"$(inherited)",
					"@executable_path/Frameworks",
				);
				PRODUCT_BUNDLE_IDENTIFIER = gf.Pokemons;
				PRODUCT_NAME = "$(TARGET_NAME)";
				SWIFT_VERSION = 5.0;
				TARGETED_DEVICE_FAMILY = "1,2";
			};
			name = Debug;
		};
		405F39F624DEEB0B00C9E984 /* Release */ = {
			isa = XCBuildConfiguration;
			baseConfigurationReference = B8D6B9689D06049F635F67AB /* Pods-Pokemons.release.xcconfig */;
			buildSettings = {
				ASSETCATALOG_COMPILER_APPICON_NAME = AppIcon;
				CODE_SIGN_STYLE = Automatic;
				INFOPLIST_FILE = Pokemons/Info.plist;
				LD_RUNPATH_SEARCH_PATHS = (
					"$(inherited)",
					"@executable_path/Frameworks",
				);
				PRODUCT_BUNDLE_IDENTIFIER = gf.Pokemons;
				PRODUCT_NAME = "$(TARGET_NAME)";
				SWIFT_VERSION = 5.0;
				TARGETED_DEVICE_FAMILY = "1,2";
			};
			name = Release;
		};
		405F39F824DEEB0B00C9E984 /* Debug */ = {
			isa = XCBuildConfiguration;
			baseConfigurationReference = 5EECFE18D01FA522FFD3239A /* Pods-PokemonsTests.debug.xcconfig */;
			buildSettings = {
				ALWAYS_EMBED_SWIFT_STANDARD_LIBRARIES = YES;
				BUNDLE_LOADER = "$(TEST_HOST)";
				CODE_SIGN_STYLE = Automatic;
				INFOPLIST_FILE = PokemonsTests/Info.plist;
				IPHONEOS_DEPLOYMENT_TARGET = 13.5;
				LD_RUNPATH_SEARCH_PATHS = (
					"$(inherited)",
					"@executable_path/Frameworks",
					"@loader_path/Frameworks",
				);
				PRODUCT_BUNDLE_IDENTIFIER = gf.PokemonsTests;
				PRODUCT_NAME = "$(TARGET_NAME)";
				SWIFT_VERSION = 5.0;
				TARGETED_DEVICE_FAMILY = "1,2";
				TEST_HOST = "$(BUILT_PRODUCTS_DIR)/Pokemons.app/Pokemons";
			};
			name = Debug;
		};
		405F39F924DEEB0B00C9E984 /* Release */ = {
			isa = XCBuildConfiguration;
			baseConfigurationReference = 000D612E9A7012067497113F /* Pods-PokemonsTests.release.xcconfig */;
			buildSettings = {
				ALWAYS_EMBED_SWIFT_STANDARD_LIBRARIES = YES;
				BUNDLE_LOADER = "$(TEST_HOST)";
				CODE_SIGN_STYLE = Automatic;
				INFOPLIST_FILE = PokemonsTests/Info.plist;
				IPHONEOS_DEPLOYMENT_TARGET = 13.5;
				LD_RUNPATH_SEARCH_PATHS = (
					"$(inherited)",
					"@executable_path/Frameworks",
					"@loader_path/Frameworks",
				);
				PRODUCT_BUNDLE_IDENTIFIER = gf.PokemonsTests;
				PRODUCT_NAME = "$(TARGET_NAME)";
				SWIFT_VERSION = 5.0;
				TARGETED_DEVICE_FAMILY = "1,2";
				TEST_HOST = "$(BUILT_PRODUCTS_DIR)/Pokemons.app/Pokemons";
			};
			name = Release;
		};
/* End XCBuildConfiguration section */

/* Begin XCConfigurationList section */
		405F39D024DEEB0A00C9E984 /* Build configuration list for PBXProject "Pokemons" */ = {
			isa = XCConfigurationList;
			buildConfigurations = (
				405F39F224DEEB0B00C9E984 /* Debug */,
				405F39F324DEEB0B00C9E984 /* Release */,
			);
			defaultConfigurationIsVisible = 0;
			defaultConfigurationName = Release;
		};
		405F39F424DEEB0B00C9E984 /* Build configuration list for PBXNativeTarget "Pokemons" */ = {
			isa = XCConfigurationList;
			buildConfigurations = (
				405F39F524DEEB0B00C9E984 /* Debug */,
				405F39F624DEEB0B00C9E984 /* Release */,
			);
			defaultConfigurationIsVisible = 0;
			defaultConfigurationName = Release;
		};
		405F39F724DEEB0B00C9E984 /* Build configuration list for PBXNativeTarget "PokemonsTests" */ = {
			isa = XCConfigurationList;
			buildConfigurations = (
				405F39F824DEEB0B00C9E984 /* Debug */,
				405F39F924DEEB0B00C9E984 /* Release */,
			);
			defaultConfigurationIsVisible = 0;
			defaultConfigurationName = Release;
		};
/* End XCConfigurationList section */
	};
	rootObject = 405F39CD24DEEB0A00C9E984 /* Project object */;
}
